
Microsoft Visual Studio Solution File, Format Version 12.00
# Visual Studio Version 17
VisualStudioVersion = 17.3.32825.248
MinimumVisualStudioVersion = 10.0.40219.1
Project("{FAE04EC0-301F-11D3-BF4B-00C04F79EFBC}") = "DB_REPORT_01_CAL", "DB_REPORT_01_CAL\DB_REPORT_01_CAL.csproj", "{F8BF2D49-9780-4717-81C7-9804AFED9EAE}"
EndProject
Global
	GlobalSection(SolutionConfigurationPlatforms) = preSolution
		Debug|Any CPU = Debug|Any CPU
		Release|Any CPU = Release|Any CPU
	EndGlobalSection
	GlobalSection(ProjectConfigurationPlatforms) = postSolution
		{F8BF2D49-9780-4717-81C7-9804AFED9EAE}.Debug|Any CPU.ActiveCfg = Debug|Any CPU
		{F8BF2D49-9780-4717-81C7-9804AFED9EAE}.Debug|Any CPU.Build.0 = Debug|Any CPU
		{F8BF2D49-9780-4717-81C7-9804AFED9EAE}.Release|Any CPU.ActiveCfg = Release|Any CPU
		{F8BF2D49-9780-4717-81C7-9804AFED9EAE}.Release|Any CPU.Build.0 = Release|Any CPU
	EndGlobalSection
	GlobalSection(SolutionProperties) = preSolution
		HideSolutionNode = FALSE
	EndGlobalSection
	GlobalSection(ExtensibilityGlobals) = postSolution
		SolutionGuid = {CADE8060-106B-4354-8F5C-65F93F131002}
	EndGlobalSection
EndGlobal
